// !$*UTF8*$!
{
	archiveVersion = 1;
	classes = {
	};
	objectVersion = 46;
	objects = {

/* Begin PBXBuildFile section */
		1834B5261EA608B10067259C /* main.m in Sources */ = {isa = PBXBuildFile; fileRef = 1834B5251EA608B10067259C /* main.m */; };
		1834B5291EA608B10067259C /* AppDelegate.m in Sources */ = {isa = PBXBuildFile; fileRef = 1834B5281EA608B10067259C /* AppDelegate.m */; };
		1834B52C1EA608B10067259C /* ViewController.m in Sources */ = {isa = PBXBuildFile; fileRef = 1834B52B1EA608B10067259C /* ViewController.m */; };
		1834B52F1EA608B10067259C /* Main.storyboard in Resources */ = {isa = PBXBuildFile; fileRef = 1834B52D1EA608B10067259C /* Main.storyboard */; };
		1834B5321EA608B20067259C /* DK_CustomPickerView.xcdatamodeld in Sources */ = {isa = PBXBuildFile; fileRef = 1834B5301EA608B20067259C /* DK_CustomPickerView.xcdatamodeld */; };
		1834B5341EA608B20067259C /* Assets.xcassets in Resources */ = {isa = PBXBuildFile; fileRef = 1834B5331EA608B20067259C /* Assets.xcassets */; };
		1834B5371EA608B20067259C /* LaunchScreen.storyboard in Resources */ = {isa = PBXBuildFile; fileRef = 1834B5351EA608B20067259C /* LaunchScreen.storyboard */; };
		1834B55D1EA608C60067259C /* area.plist in Resources */ = {isa = PBXBuildFile; fileRef = 1834B5411EA608C60067259C /* area.plist */; };
		1834B55F1EA608C60067259C /* CustomCityPickerView.m in Sources */ = {isa = PBXBuildFile; fileRef = 1834B5451EA608C60067259C /* CustomCityPickerView.m */; };
		1834B5601EA608C60067259C /* CustomLevelOnePickerView.m in Sources */ = {isa = PBXBuildFile; fileRef = 1834B5471EA608C60067259C /* CustomLevelOnePickerView.m */; };
		1834B56D1EA609320067259C /* libsqlite3.tbd in Frameworks */ = {isa = PBXBuildFile; fileRef = 1834B56C1EA609320067259C /* libsqlite3.tbd */; };
		185505911EA7044C00D66DC4 /* CustomLevelTwoPickerView.m in Sources */ = {isa = PBXBuildFile; fileRef = 185505901EA7044C00D66DC4 /* CustomLevelTwoPickerView.m */; };
		185505931EA70BE300D66DC4 /* Foundation+Log.m in Sources */ = {isa = PBXBuildFile; fileRef = 185505921EA70BE300D66DC4 /* Foundation+Log.m */; };
		185548D21EA8854500E40E18 /* CustomLevelThreePickerView.m in Sources */ = {isa = PBXBuildFile; fileRef = 185548D11EA8854500E40E18 /* CustomLevelThreePickerView.m */; };
		18572F521EA9AD550022BD1F /* CustomDatePickerView.m in Sources */ = {isa = PBXBuildFile; fileRef = 18572F511EA9AD550022BD1F /* CustomDatePickerView.m */; };
		18572F751EA9E1A40022BD1F /* WHUCalDrawView.m in Sources */ = {isa = PBXBuildFile; fileRef = 18572F691EA9E1A40022BD1F /* WHUCalDrawView.m */; };
		18572F761EA9E1A40022BD1F /* WHUCalendarCal.m in Sources */ = {isa = PBXBuildFile; fileRef = 18572F6B1EA9E1A40022BD1F /* WHUCalendarCal.m */; };
		18572F771EA9E1A40022BD1F /* WHUCalendarItem.m in Sources */ = {isa = PBXBuildFile; fileRef = 18572F6D1EA9E1A40022BD1F /* WHUCalendarItem.m */; };
		18572F781EA9E1A40022BD1F /* WHUCalendarPopView.m in Sources */ = {isa = PBXBuildFile; fileRef = 18572F701EA9E1A40022BD1F /* WHUCalendarPopView.m */; };
		18572F791EA9E1A40022BD1F /* WHUCalendarView.m in Sources */ = {isa = PBXBuildFile; fileRef = 18572F721EA9E1A40022BD1F /* WHUCalendarView.m */; };
		18572F7A1EA9E1A40022BD1F /* WHUCalendarYMSelectView.m in Sources */ = {isa = PBXBuildFile; fileRef = 18572F741EA9E1A40022BD1F /* WHUCalendarYMSelectView.m */; };
/* End PBXBuildFile section */

/* Begin PBXFileReference section */
		1834B5211EA608B00067259C /* DK_CustomPickerView.app */ = {isa = PBXFileReference; explicitFileType = wrapper.application; includeInIndex = 0; path = DK_CustomPickerView.app; sourceTree = BUILT_PRODUCTS_DIR; };
		1834B5251EA608B10067259C /* main.m */ = {isa = PBXFileReference; lastKnownFileType = sourcecode.c.objc; path = main.m; sourceTree = "<group>"; };
		1834B5271EA608B10067259C /* AppDelegate.h */ = {isa = PBXFileReference; lastKnownFileType = sourcecode.c.h; path = AppDelegate.h; sourceTree = "<group>"; };
		1834B5281EA608B10067259C /* AppDelegate.m */ = {isa = PBXFileReference; lastKnownFileType = sourcecode.c.objc; path = AppDelegate.m; sourceTree = "<group>"; };
		1834B52A1EA608B10067259C /* ViewController.h */ = {isa = PBXFileReference; lastKnownFileType = sourcecode.c.h; path = ViewController.h; sourceTree = "<group>"; };
		1834B52B1EA608B10067259C /* ViewController.m */ = {isa = PBXFileReference; lastKnownFileType = sourcecode.c.objc; path = ViewController.m; sourceTree = "<group>"; };
		1834B52E1EA608B10067259C /* Base */ = {isa = PBXFileReference; lastKnownFileType = file.storyboard; name = Base; path = Base.lproj/Main.storyboard; sourceTree = "<group>"; };
		1834B5311EA608B20067259C /* DK_CustomPickerView.xcdatamodel */ = {isa = PBXFileReference; lastKnownFileType = wrapper.xcdatamodel; path = DK_CustomPickerView.xcdatamodel; sourceTree = "<group>"; };
		1834B5331EA608B20067259C /* Assets.xcassets */ = {isa = PBXFileReference; lastKnownFileType = folder.assetcatalog; path = Assets.xcassets; sourceTree = "<group>"; };
		1834B5361EA608B20067259C /* Base */ = {isa = PBXFileReference; lastKnownFileType = file.storyboard; name = Base; path = Base.lproj/LaunchScreen.storyboard; sourceTree = "<group>"; };
		1834B5381EA608B20067259C /* Info.plist */ = {isa = PBXFileReference; lastKnownFileType = text.plist.xml; path = Info.plist; sourceTree = "<group>"; };
		1834B5411EA608C60067259C /* area.plist */ = {isa = PBXFileReference; fileEncoding = 4; lastKnownFileType = text.plist.xml; path = area.plist; sourceTree = "<group>"; };
		1834B5441EA608C60067259C /* CustomCityPickerView.h */ = {isa = PBXFileReference; fileEncoding = 4; lastKnownFileType = sourcecode.c.h; path = CustomCityPickerView.h; sourceTree = "<group>"; };
		1834B5451EA608C60067259C /* CustomCityPickerView.m */ = {isa = PBXFileReference; fileEncoding = 4; lastKnownFileType = sourcecode.c.objc; path = CustomCityPickerView.m; sourceTree = "<group>"; };
		1834B5461EA608C60067259C /* CustomLevelOnePickerView.h */ = {isa = PBXFileReference; fileEncoding = 4; lastKnownFileType = sourcecode.c.h; path = CustomLevelOnePickerView.h; sourceTree = "<group>"; };
		1834B5471EA608C60067259C /* CustomLevelOnePickerView.m */ = {isa = PBXFileReference; fileEncoding = 4; lastKnownFileType = sourcecode.c.objc; path = CustomLevelOnePickerView.m; sourceTree = "<group>"; };
		1834B56A1EA608D50067259C /* Header.h */ = {isa = PBXFileReference; lastKnownFileType = sourcecode.c.h; path = Header.h; sourceTree = "<group>"; };
		1834B56C1EA609320067259C /* libsqlite3.tbd */ = {isa = PBXFileReference; lastKnownFileType = "sourcecode.text-based-dylib-definition"; name = libsqlite3.tbd; path = usr/lib/libsqlite3.tbd; sourceTree = SDKROOT; };
		1855058F1EA7044C00D66DC4 /* CustomLevelTwoPickerView.h */ = {isa = PBXFileReference; fileEncoding = 4; lastKnownFileType = sourcecode.c.h; path = CustomLevelTwoPickerView.h; sourceTree = "<group>"; };
		185505901EA7044C00D66DC4 /* CustomLevelTwoPickerView.m */ = {isa = PBXFileReference; fileEncoding = 4; lastKnownFileType = sourcecode.c.objc; path = CustomLevelTwoPickerView.m; sourceTree = "<group>"; };
		185505921EA70BE300D66DC4 /* Foundation+Log.m */ = {isa = PBXFileReference; fileEncoding = 4; lastKnownFileType = sourcecode.c.objc; path = "Foundation+Log.m"; sourceTree = "<group>"; };
		185548D01EA8854500E40E18 /* CustomLevelThreePickerView.h */ = {isa = PBXFileReference; fileEncoding = 4; lastKnownFileType = sourcecode.c.h; path = CustomLevelThreePickerView.h; sourceTree = "<group>"; };
		185548D11EA8854500E40E18 /* CustomLevelThreePickerView.m */ = {isa = PBXFileReference; fileEncoding = 4; lastKnownFileType = sourcecode.c.objc; path = CustomLevelThreePickerView.m; sourceTree = "<group>"; };
		18572F501EA9AD550022BD1F /* CustomDatePickerView.h */ = {isa = PBXFileReference; fileEncoding = 4; lastKnownFileType = sourcecode.c.h; path = CustomDatePickerView.h; sourceTree = "<group>"; };
		18572F511EA9AD550022BD1F /* CustomDatePickerView.m */ = {isa = PBXFileReference; fileEncoding = 4; lastKnownFileType = sourcecode.c.objc; path = CustomDatePickerView.m; sourceTree = "<group>"; };
		18572F681EA9E1A40022BD1F /* WHUCalDrawView.h */ = {isa = PBXFileReference; fileEncoding = 4; lastKnownFileType = sourcecode.c.h; path = WHUCalDrawView.h; sourceTree = "<group>"; };
		18572F691EA9E1A40022BD1F /* WHUCalDrawView.m */ = {isa = PBXFileReference; fileEncoding = 4; lastKnownFileType = sourcecode.c.objc; path = WHUCalDrawView.m; sourceTree = "<group>"; };
		18572F6A1EA9E1A40022BD1F /* WHUCalendarCal.h */ = {isa = PBXFileReference; fileEncoding = 4; lastKnownFileType = sourcecode.c.h; path = WHUCalendarCal.h; sourceTree = "<group>"; };
		18572F6B1EA9E1A40022BD1F /* WHUCalendarCal.m */ = {isa = PBXFileReference; fileEncoding = 4; lastKnownFileType = sourcecode.c.objc; path = WHUCalendarCal.m; sourceTree = "<group>"; };
		18572F6C1EA9E1A40022BD1F /* WHUCalendarItem.h */ = {isa = PBXFileReference; fileEncoding = 4; lastKnownFileType = sourcecode.c.h; path = WHUCalendarItem.h; sourceTree = "<group>"; };
		18572F6D1EA9E1A40022BD1F /* WHUCalendarItem.m */ = {isa = PBXFileReference; fileEncoding = 4; lastKnownFileType = sourcecode.c.objc; path = WHUCalendarItem.m; sourceTree = "<group>"; };
		18572F6E1EA9E1A40022BD1F /* WHUCalendarMarcro.h */ = {isa = PBXFileReference; fileEncoding = 4; lastKnownFileType = sourcecode.c.h; path = WHUCalendarMarcro.h; sourceTree = "<group>"; };
		18572F6F1EA9E1A40022BD1F /* WHUCalendarPopView.h */ = {isa = PBXFileReference; fileEncoding = 4; lastKnownFileType = sourcecode.c.h; path = WHUCalendarPopView.h; sourceTree = "<group>"; };
		18572F701EA9E1A40022BD1F /* WHUCalendarPopView.m */ = {isa = PBXFileReference; fileEncoding = 4; lastKnownFileType = sourcecode.c.objc; path = WHUCalendarPopView.m; sourceTree = "<group>"; };
		18572F711EA9E1A40022BD1F /* WHUCalendarView.h */ = {isa = PBXFileReference; fileEncoding = 4; lastKnownFileType = sourcecode.c.h; path = WHUCalendarView.h; sourceTree = "<group>"; };
		18572F721EA9E1A40022BD1F /* WHUCalendarView.m */ = {isa = PBXFileReference; fileEncoding = 4; lastKnownFileType = sourcecode.c.objc; path = WHUCalendarView.m; sourceTree = "<group>"; };
		18572F731EA9E1A40022BD1F /* WHUCalendarYMSelectView.h */ = {isa = PBXFileReference; fileEncoding = 4; lastKnownFileType = sourcecode.c.h; path = WHUCalendarYMSelectView.h; sourceTree = "<group>"; };
		18572F741EA9E1A40022BD1F /* WHUCalendarYMSelectView.m */ = {isa = PBXFileReference; fileEncoding = 4; lastKnownFileType = sourcecode.c.objc; path = WHUCalendarYMSelectView.m; sourceTree = "<group>"; };
/* End PBXFileReference section */

/* Begin PBXFrameworksBuildPhase section */
		1834B51E1EA608B00067259C /* Frameworks */ = {
			isa = PBXFrameworksBuildPhase;
			buildActionMask = 2147483647;
			files = (
				1834B56D1EA609320067259C /* libsqlite3.tbd in Frameworks */,
			);
			runOnlyForDeploymentPostprocessing = 0;
		};
/* End PBXFrameworksBuildPhase section */

/* Begin PBXGroup section */
		1834B5181EA608B00067259C = {
			isa = PBXGroup;
			children = (
				1834B5231EA608B10067259C /* DK_CustomPickerView */,
				1834B5221EA608B10067259C /* Products */,
				1834B56B1EA609320067259C /* Frameworks */,
			);
			sourceTree = "<group>";
		};
		1834B5221EA608B10067259C /* Products */ = {
			isa = PBXGroup;
			children = (
				1834B5211EA608B00067259C /* DK_CustomPickerView.app */,
			);
			name = Products;
			sourceTree = "<group>";
		};
		1834B5231EA608B10067259C /* DK_CustomPickerView */ = {
			isa = PBXGroup;
			children = (
				1834B53E1EA608C60067259C /* CustomPickerView */,
				1834B5271EA608B10067259C /* AppDelegate.h */,
				1834B5281EA608B10067259C /* AppDelegate.m */,
				1834B52A1EA608B10067259C /* ViewController.h */,
				1834B52B1EA608B10067259C /* ViewController.m */,
				185505921EA70BE300D66DC4 /* Foundation+Log.m */,
				1834B56A1EA608D50067259C /* Header.h */,
				1834B52D1EA608B10067259C /* Main.storyboard */,
				1834B5331EA608B20067259C /* Assets.xcassets */,
				1834B5351EA608B20067259C /* LaunchScreen.storyboard */,
				1834B5381EA608B20067259C /* Info.plist */,
				1834B5301EA608B20067259C /* DK_CustomPickerView.xcdatamodeld */,
				1834B5241EA608B10067259C /* Supporting Files */,
			);
			path = DK_CustomPickerView;
			sourceTree = "<group>";
		};
		1834B5241EA608B10067259C /* Supporting Files */ = {
			isa = PBXGroup;
			children = (
				1834B5251EA608B10067259C /* main.m */,
			);
			name = "Supporting Files";
			sourceTree = "<group>";
		};
		1834B53E1EA608C60067259C /* CustomPickerView */ = {
			isa = PBXGroup;
			children = (
				18572F671EA9E1A40022BD1F /* WHUCalendarView */,
				1834B5411EA608C60067259C /* area.plist */,
				1834B5441EA608C60067259C /* CustomCityPickerView.h */,
				1834B5451EA608C60067259C /* CustomCityPickerView.m */,
				1834B5461EA608C60067259C /* CustomLevelOnePickerView.h */,
				1834B5471EA608C60067259C /* CustomLevelOnePickerView.m */,
				1855058F1EA7044C00D66DC4 /* CustomLevelTwoPickerView.h */,
				185505901EA7044C00D66DC4 /* CustomLevelTwoPickerView.m */,
				185548D01EA8854500E40E18 /* CustomLevelThreePickerView.h */,
				185548D11EA8854500E40E18 /* CustomLevelThreePickerView.m */,
				18572F501EA9AD550022BD1F /* CustomDatePickerView.h */,
				18572F511EA9AD550022BD1F /* CustomDatePickerView.m */,
			);
			path = CustomPickerView;
			sourceTree = "<group>";
		};
		1834B56B1EA609320067259C /* Frameworks */ = {
			isa = PBXGroup;
			children = (
				1834B56C1EA609320067259C /* libsqlite3.tbd */,
			);
			name = Frameworks;
			sourceTree = "<group>";
		};
		18572F671EA9E1A40022BD1F /* WHUCalendarView */ = {
			isa = PBXGroup;
			children = (
				18572F681EA9E1A40022BD1F /* WHUCalDrawView.h */,
				18572F691EA9E1A40022BD1F /* WHUCalDrawView.m */,
				18572F6A1EA9E1A40022BD1F /* WHUCalendarCal.h */,
				18572F6B1EA9E1A40022BD1F /* WHUCalendarCal.m */,
				18572F6C1EA9E1A40022BD1F /* WHUCalendarItem.h */,
				18572F6D1EA9E1A40022BD1F /* WHUCalendarItem.m */,
				18572F6E1EA9E1A40022BD1F /* WHUCalendarMarcro.h */,
				18572F6F1EA9E1A40022BD1F /* WHUCalendarPopView.h */,
				18572F701EA9E1A40022BD1F /* WHUCalendarPopView.m */,
				18572F711EA9E1A40022BD1F /* WHUCalendarView.h */,
				18572F721EA9E1A40022BD1F /* WHUCalendarView.m */,
				18572F731EA9E1A40022BD1F /* WHUCalendarYMSelectView.h */,
				18572F741EA9E1A40022BD1F /* WHUCalendarYMSelectView.m */,
			);
			path = WHUCalendarView;
			sourceTree = "<group>";
		};
/* End PBXGroup section */

/* Begin PBXNativeTarget section */
		1834B5201EA608B00067259C /* DK_CustomPickerView */ = {
			isa = PBXNativeTarget;
			buildConfigurationList = 1834B53B1EA608B20067259C /* Build configuration list for PBXNativeTarget "DK_CustomPickerView" */;
			buildPhases = (
				1834B51D1EA608B00067259C /* Sources */,
				1834B51E1EA608B00067259C /* Frameworks */,
				1834B51F1EA608B00067259C /* Resources */,
			);
			buildRules = (
			);
			dependencies = (
			);
			name = DK_CustomPickerView;
			productName = DK_CustomPickerView;
			productReference = 1834B5211EA608B00067259C /* DK_CustomPickerView.app */;
			productType = "com.apple.product-type.application";
		};
/* End PBXNativeTarget section */

/* Begin PBXProject section */
		1834B5191EA608B00067259C /* Project object */ = {
			isa = PBXProject;
			attributes = {
				LastUpgradeCheck = 0820;
				ORGANIZATIONNAME = DeamonKing;
				TargetAttributes = {
					1834B5201EA608B00067259C = {
						CreatedOnToolsVersion = 8.2.1;
						DevelopmentTeam = P265E6PKRB;
						ProvisioningStyle = Automatic;
					};
				};
			};
			buildConfigurationList = 1834B51C1EA608B00067259C /* Build configuration list for PBXProject "DK_CustomPickerView" */;
			compatibilityVersion = "Xcode 3.2";
			developmentRegion = English;
			hasScannedForEncodings = 0;
			knownRegions = (
				English,
				en,
				Base,
			);
			mainGroup = 1834B5181EA608B00067259C;
			productRefGroup = 1834B5221EA608B10067259C /* Products */;
			projectDirPath = "";
			projectRoot = "";
			targets = (
				1834B5201EA608B00067259C /* DK_CustomPickerView */,
			);
		};
/* End PBXProject section */

/* Begin PBXResourcesBuildPhase section */
		1834B51F1EA608B00067259C /* Resources */ = {
			isa = PBXResourcesBuildPhase;
			buildActionMask = 2147483647;
			files = (
				1834B5371EA608B20067259C /* LaunchScreen.storyboard in Resources */,
				1834B55D1EA608C60067259C /* area.plist in Resources */,
				1834B5341EA608B20067259C /* Assets.xcassets in Resources */,
				1834B52F1EA608B10067259C /* Main.storyboard in Resources */,
			);
			runOnlyForDeploymentPostprocessing = 0;
		};
/* End PBXResourcesBuildPhase section */

/* Begin PBXSourcesBuildPhase section */
		1834B51D1EA608B00067259C /* Sources */ = {
			isa = PBXSourcesBuildPhase;
			buildActionMask = 2147483647;
			files = (
				18572F771EA9E1A40022BD1F /* WHUCalendarItem.m in Sources */,
				18572F751EA9E1A40022BD1F /* WHUCalDrawView.m in Sources */,
				185505911EA7044C00D66DC4 /* CustomLevelTwoPickerView.m in Sources */,
				18572F7A1EA9E1A40022BD1F /* WHUCalendarYMSelectView.m in Sources */,
				185505931EA70BE300D66DC4 /* Foundation+Log.m in Sources */,
				1834B5321EA608B20067259C /* DK_CustomPickerView.xcdatamodeld in Sources */,
				1834B5601EA608C60067259C /* CustomLevelOnePickerView.m in Sources */,
				18572F761EA9E1A40022BD1F /* WHUCalendarCal.m in Sources */,
				18572F781EA9E1A40022BD1F /* WHUCalendarPopView.m in Sources */,
				1834B52C1EA608B10067259C /* ViewController.m in Sources */,
				18572F521EA9AD550022BD1F /* CustomDatePickerView.m in Sources */,
				1834B5291EA608B10067259C /* AppDelegate.m in Sources */,
				185548D21EA8854500E40E18 /* CustomLevelThreePickerView.m in Sources */,
				18572F791EA9E1A40022BD1F /* WHUCalendarView.m in Sources */,
				1834B55F1EA608C60067259C /* CustomCityPickerView.m in Sources */,
				1834B5261EA608B10067259C /* main.m in Sources */,
			);
			runOnlyForDeploymentPostprocessing = 0;
		};
/* End PBXSourcesBuildPhase section */

/* Begin PBXVariantGroup section */
		1834B52D1EA608B10067259C /* Main.storyboard */ = {
			isa = PBXVariantGroup;
			children = (
				1834B52E1EA608B10067259C /* Base */,
			);
			name = Main.storyboard;
			sourceTree = "<group>";
		};
		1834B5351EA608B20067259C /* LaunchScreen.storyboard */ = {
			isa = PBXVariantGroup;
			children = (
				1834B5361EA608B20067259C /* Base */,
			);
			name = LaunchScreen.storyboard;
			sourceTree = "<group>";
		};
/* End PBXVariantGroup section */

/* Begin XCBuildConfiguration section */
		1834B5391EA608B20067259C /* Debug */ = {
			isa = XCBuildConfiguration;
			buildSettings = {
				ALWAYS_SEARCH_USER_PATHS = NO;
				CLANG_ANALYZER_NONNULL = YES;
				CLANG_CXX_LANGUAGE_STANDARD = "gnu++0x";
				CLANG_CXX_LIBRARY = "libc++";
				CLANG_ENABLE_MODULES = YES;
				CLANG_ENABLE_OBJC_ARC = YES;
				CLANG_WARN_BOOL_CONVERSION = YES;
				CLANG_WARN_CONSTANT_CONVERSION = YES;
				CLANG_WARN_DIRECT_OBJC_ISA_USAGE = YES_ERROR;
				CLANG_WARN_DOCUMENTATION_COMMENTS = YES;
				CLANG_WARN_EMPTY_BODY = YES;
				CLANG_WARN_ENUM_CONVERSION = YES;
				CLANG_WARN_INFINITE_RECURSION = YES;
				CLANG_WARN_INT_CONVERSION = YES;
				CLANG_WARN_OBJC_ROOT_CLASS = YES_ERROR;
				CLANG_WARN_SUSPICIOUS_MOVE = YES;
				CLANG_WARN_UNREACHABLE_CODE = YES;
				CLANG_WARN__DUPLICATE_METHOD_MATCH = YES;
				"CODE_SIGN_IDENTITY[sdk=iphoneos*]" = "iPhone Developer";
				COPY_PHASE_STRIP = NO;
				DEBUG_INFORMATION_FORMAT = dwarf;
				ENABLE_STRICT_OBJC_MSGSEND = YES;
				ENABLE_TESTABILITY = YES;
				GCC_C_LANGUAGE_STANDARD = gnu99;
				GCC_DYNAMIC_NO_PIC = NO;
				GCC_NO_COMMON_BLOCKS = YES;
				GCC_OPTIMIZATION_LEVEL = 0;
				GCC_PREPROCESSOR_DEFINITIONS = (
					"DEBUG=1",
					"$(inherited)",
				);
				GCC_WARN_64_TO_32_BIT_CONVERSION = YES;
				GCC_WARN_ABOUT_RETURN_TYPE = YES_ERROR;
				GCC_WARN_UNDECLARED_SELECTOR = YES;
				GCC_WARN_UNINITIALIZED_AUTOS = YES_AGGRESSIVE;
				GCC_WARN_UNUSED_FUNCTION = YES;
				GCC_WARN_UNUSED_VARIABLE = YES;
				IPHONEOS_DEPLOYMENT_TARGET = 10.2;
				MTL_ENABLE_DEBUG_INFO = YES;
				ONLY_ACTIVE_ARCH = YES;
				SDKROOT = iphoneos;
				TARGETED_DEVICE_FAMILY = "1,2";
			};
			name = Debug;
		};
		1834B53A1EA608B20067259C /* Release */ = {
			isa = XCBuildConfiguration;
			buildSettings = {
				ALWAYS_SEARCH_USER_PATHS = NO;
				CLANG_ANALYZER_NONNULL = YES;
				CLANG_CXX_LANGUAGE_STANDARD = "gnu++0x";
				CLANG_CXX_LIBRARY = "libc++";
				CLANG_ENABLE_MODULES = YES;
				CLANG_ENABLE_OBJC_ARC = YES;
				CLANG_WARN_BOOL_CONVERSION = YES;
				CLANG_WARN_CONSTANT_CONVERSION = YES;
				CLANG_WARN_DIRECT_OBJC_ISA_USAGE = YES_ERROR;
				CLANG_WARN_DOCUMENTATION_COMMENTS = YES;
				CLANG_WARN_EMPTY_BODY = YES;
				CLANG_WARN_ENUM_CONVERSION = YES;
				CLANG_WARN_INFINITE_RECURSION = YES;
				CLANG_WARN_INT_CONVERSION = YES;
				CLANG_WARN_OBJC_ROOT_CLASS = YES_ERROR;
				CLANG_WARN_SUSPICIOUS_MOVE = YES;
				CLANG_WARN_UNREACHABLE_CODE = YES;
				CLANG_WARN__DUPLICATE_METHOD_MATCH = YES;
				"CODE_SIGN_IDENTITY[sdk=iphoneos*]" = "iPhone Developer";
				COPY_PHASE_STRIP = NO;
				DEBUG_INFORMATION_FORMAT = "dwarf-with-dsym";
				ENABLE_NS_ASSERTIONS = NO;
				ENABLE_STRICT_OBJC_MSGSEND = YES;
				GCC_C_LANGUAGE_STANDARD = gnu99;
				GCC_NO_COMMON_BLOCKS = YES;
				GCC_WARN_64_TO_32_BIT_CONVERSION = YES;
				GCC_WARN_ABOUT_RETURN_TYPE = YES_ERROR;
				GCC_WARN_UNDECLARED_SELECTOR = YES;
				GCC_WARN_UNINITIALIZED_AUTOS = YES_AGGRESSIVE;
				GCC_WARN_UNUSED_FUNCTION = YES;
				GCC_WARN_UNUSED_VARIABLE = YES;
				IPHONEOS_DEPLOYMENT_TARGET = 10.2;
				MTL_ENABLE_DEBUG_INFO = NO;
				SDKROOT = iphoneos;
				TARGETED_DEVICE_FAMILY = "1,2";
				VALIDATE_PRODUCT = YES;
			};
			name = Release;
		};
		1834B53C1EA608B20067259C /* Debug */ = {
			isa = XCBuildConfiguration;
			buildSettings = {
				ASSETCATALOG_COMPILER_APPICON_NAME = AppIcon;
				DEVELOPMENT_TEAM = P265E6PKRB;
				GCC_PREFIX_HEADER = "$(SRCROOT)/DK_CustomPickerView/Header.h";
				INFOPLIST_FILE = DK_CustomPickerView/Info.plist;
				LD_RUNPATH_SEARCH_PATHS = "$(inherited) @executable_path/Frameworks";
				PRODUCT_BUNDLE_IDENTIFIER = "com.DeamonKing.www.DK-CustomPickerView";
				PRODUCT_NAME = "$(TARGET_NAME)";
			};
			name = Debug;
		};
		1834B53D1EA608B20067259C /* Release */ = {
			isa = XCBuildConfiguration;
			buildSettings = {
				ASSETCATALOG_COMPILER_APPICON_NAME = AppIcon;
				DEVELOPMENT_TEAM = P265E6PKRB;
				GCC_PREFIX_HEADER = "$(SRCROOT)/DK_CustomPickerView/Header.h";
				INFOPLIST_FILE = DK_CustomPickerView/Info.plist;
				LD_RUNPATH_SEARCH_PATHS = "$(inherited) @executable_path/Frameworks";
				PRODUCT_BUNDLE_IDENTIFIER = "com.DeamonKing.www.DK-CustomPickerView";
				PRODUCT_NAME = "$(TARGET_NAME)";
			};
			name = Release;
		};
/* End XCBuildConfiguration section */

/* Begin XCConfigurationList section */
		1834B51C1EA608B00067259C /* Build configuration list for PBXProject "DK_CustomPickerView" */ = {
			isa = XCConfigurationList;
			buildConfigurations = (
				1834B5391EA608B20067259C /* Debug */,
				1834B53A1EA608B20067259C /* Release */,
			);
			defaultConfigurationIsVisible = 0;
			defaultConfigurationName = Release;
		};
		1834B53B1EA608B20067259C /* Build configuration list for PBXNativeTarget "DK_CustomPickerView" */ = {
			isa = XCConfigurationList;
			buildConfigurations = (
				1834B53C1EA608B20067259C /* Debug */,
				1834B53D1EA608B20067259C /* Release */,
			);
			defaultConfigurationIsVisible = 0;
			defaultConfigurationName = Release;
		};
/* End XCConfigurationList section */

/* Begin XCVersionGroup section */
		1834B5301EA608B20067259C /* DK_CustomPickerView.xcdatamodeld */ = {
			isa = XCVersionGroup;
			children = (
				1834B5311EA608B20067259C /* DK_CustomPickerView.xcdatamodel */,
			);
			currentVersion = 1834B5311EA608B20067259C /* DK_CustomPickerView.xcdatamodel */;
			path = DK_CustomPickerView.xcdatamodeld;
			sourceTree = "<group>";
			versionGroupType = wrapper.xcdatamodel;
		};
/* End XCVersionGroup section */
	};
	rootObject = 1834B5191EA608B00067259C /* Project object */;
}
